
Microsoft Visual Studio Solution File, Format Version 12.00
# Visual Studio Version 16
VisualStudioVersion = 16.0.30907.101
MinimumVisualStudioVersion = 10.0.40219.1
Project("{FAE04EC0-301F-11D3-BF4B-00C04F79EFBC}") = "ClassMethodDemo2", "ClassMethodDemo2\ClassMethodDemo2.csproj", "{957F9422-7D4D-4789-A010-773C1CCF39FD}"
EndProject
Global
	GlobalSection(SolutionConfigurationPlatforms) = preSolution
		Debug|Any CPU = Debug|Any CPU
		Release|Any CPU = Release|Any CPU
	EndGlobalSection
	GlobalSection(ProjectConfigurationPlatforms) = postSolution
		{957F9422-7D4D-4789-A010-773C1CCF39FD}.Debug|Any CPU.ActiveCfg = Debug|Any CPU
		{957F9422-7D4D-4789-A010-773C1CCF39FD}.Debug|Any CPU.Build.0 = Debug|Any CPU
		{957F9422-7D4D-4789-A010-773C1CCF39FD}.Release|Any CPU.ActiveCfg = Release|Any CPU
		{957F9422-7D4D-4789-A010-773C1CCF39FD}.Release|Any CPU.Build.0 = Release|Any CPU
	EndGlobalSection
	GlobalSection(SolutionProperties) = preSolution
		HideSolutionNode = FALSE
	EndGlobalSection
	GlobalSection(ExtensibilityGlobals) = postSolution
		SolutionGuid = {572ADB75-9A64-4E94-AF62-1369608C95B5}
	EndGlobalSection
EndGlobal
